{
  "originHash" : "b40d38ec82a51719a4021b58c01e2ff1caa54d6fc147fa6f51c4209545b5408f",
  "pins" : [
    {
      "identity" : "swift-syntax",
      "kind" : "remoteSourceControl",
      "location" : "https://github.com/apple/swift-syntax.git",
      "state" : {
        "branch" : "main",
        "revision" : "7c499d4add2030af79636e4f3b61a311abd4cb92"
      }
    }
  ],
  "version" : 3
}
